
Microsoft Visual Studio Solution File, Format Version 12.00
# Visual Studio Version 17
VisualStudioVersion = 17.6.33829.357
MinimumVisualStudioVersion = 10.0.40219.1
Project("{FAE04EC0-301F-11D3-BF4B-00C04F79EFBC}") = "WebApplication1", "WebApplication1\WebApplication1.csproj", "{23D41178-A795-4191-BE48-33769C0FE4DE}"
EndProject
Global
	GlobalSection(SolutionConfigurationPlatforms) = preSolution
		Debug|Any CPU = Debug|Any CPU
		Release|Any CPU = Release|Any CPU
	EndGlobalSection
	GlobalSection(ProjectConfigurationPlatforms) = postSolution
		{23D41178-A795-4191-BE48-33769C0FE4DE}.Debug|Any CPU.ActiveCfg = Debug|Any CPU
		{23D41178-A795-4191-BE48-33769C0FE4DE}.Debug|Any CPU.Build.0 = Debug|Any CPU
		{23D41178-A795-4191-BE48-33769C0FE4DE}.Release|Any CPU.ActiveCfg = Release|Any CPU
		{23D41178-A795-4191-BE48-33769C0FE4DE}.Release|Any CPU.Build.0 = Release|Any CPU
	EndGlobalSection
	GlobalSection(SolutionProperties) = preSolution
		HideSolutionNode = FALSE
	EndGlobalSection
	GlobalSection(ExtensibilityGlobals) = postSolution
		SolutionGuid = {84EE71B9-FF62-4191-977D-436AB2AA52EF}
	EndGlobalSection
EndGlobal
